<?xml version="1.0" encoding="utf-8"?>
<Project ToolsVersion="4.0" xmlns="http://schemas.microsoft.com/developer/msbuild/2003">
  <ItemGroup>
    <Filter Include="Source Files">
      <UniqueIdentifier>{765d2421-ebb5-4a0d-a0aa-c05f42decdfb}</UniqueIdentifier>
      <Extensions>cpp;c;cxx;def;odl;idl;hpj;bat;asm</Extensions>
    </Filter>
    <Filter Include="Header Files">
      <UniqueIdentifier>{15084c88-7717-4b58-a5c7-3936d84b8058}</UniqueIdentifier>
      <Extensions>h;hpp;hxx;hm;inl;inc</Extensions>
    </Filter>
    <Filter Include="Resource Files">
      <UniqueIdentifier>{e1243a42-94b7-4ab9-a01f-bfb4e7b576e2}</UniqueIdentifier>
      <Extensions>rc;ico;cur;bmp;dlg;rc2;rct;bin;rgs;jpg;jpeg;jpe;manifest</Extensions>
    </Filter>
    <Filter Include="Header Files\ui">
      <UniqueIdentifier>{9c511d43-9112-4843-9394-632d0b0c44f5}</UniqueIdentifier>
    </Filter>
    <Filter Include="Header Files\data">
      <UniqueIdentifier>{36ed862b-34d6-4042-8fe8-3834874222c0}</UniqueIdentifier>
    </Filter>
    <Filter Include="Header Files\src">
      <UniqueIdentifier>{a10f7501-9612-4869-9f96-5004b727ae08}</UniqueIdentifier>
    </Filter>
    <Filter Include="Header Files\inta">
      <UniqueIdentifier>{e012b23f-f7aa-47bc-91aa-b64fcc28a4bd}</UniqueIdentifier>
    </Filter>
    <Filter Include="Header Files\vmdl">
      <UniqueIdentifier>{b949363d-6450-4e2b-947c-14cabb9f6c77}</UniqueIdentifier>
    </Filter>
  </ItemGroup>
  <ItemGroup>
    <ClCompile Include="stdafx.cpp">
      <Filter>Source Files</Filter>
    </ClCompile>
    <ClCompile Include="TrabeStudio.cpp">
      <Filter>Source Files</Filter>
    </ClCompile>
  </ItemGroup>
  <ItemGroup>
    <ClInclude Include="stdafx.h">
      <Filter>Header Files</Filter>
    </ClInclude>
    <ClInclude Include="MainDlg.h">
      <Filter>Header Files</Filter>
    </ClInclude>
    <ClInclude Include="resource.h">
      <Filter>Header Files</Filter>
    </ClInclude>
    <ClInclude Include="ui\MainDlgUI.h">
      <Filter>Header Files\ui</Filter>
    </ClInclude>
  </ItemGroup>
  <ItemGroup>
    <ResourceCompile Include="TrabeStudio.rc">
      <Filter>Resource Files</Filter>
    </ResourceCompile>
  </ItemGroup>
  <ItemGroup>
    <None Include="res\TrabeStudio.ico">
      <Filter>Resource Files</Filter>
    </None>
  </ItemGroup>
</Project>